
Microsoft Visual Studio Solution File, Format Version 12.00
# Visual Studio 15
Project("{FAE04EC0-301F-11D3-BF4B-00C04F79EFBC}") = "Assembly-CSharp", "Assembly-CSharp.csproj", "{D0F94592-C59A-8ADF-4C29-A25823554DF9}"
EndProject
Project("{FAE04EC0-301F-11D3-BF4B-00C04F79EFBC}") = "Assembly-CSharp-Editor", "Assembly-CSharp-Editor.csproj", "{5B844414-AC7F-DA9A-A4AB-130FEEF979A2}"
EndProject
Global
	GlobalSection(SolutionConfigurationPlatforms) = preSolution
		Debug|Any CPU = Debug|Any CPU
		Release|Any CPU = Release|Any CPU
	EndGlobalSection
	GlobalSection(ProjectConfigurationPlatforms) = postSolution
		{D0F94592-C59A-8ADF-4C29-A25823554DF9}.Debug|Any CPU.ActiveCfg = Debug|Any CPU
		{D0F94592-C59A-8ADF-4C29-A25823554DF9}.Debug|Any CPU.Build.0 = Debug|Any CPU
		{D0F94592-C59A-8ADF-4C29-A25823554DF9}.Release|Any CPU.ActiveCfg = Release|Any CPU
		{D0F94592-C59A-8ADF-4C29-A25823554DF9}.Release|Any CPU.Build.0 = Release|Any CPU
		{5B844414-AC7F-DA9A-A4AB-130FEEF979A2}.Debug|Any CPU.ActiveCfg = Debug|Any CPU
		{5B844414-AC7F-DA9A-A4AB-130FEEF979A2}.Debug|Any CPU.Build.0 = Debug|Any CPU
		{5B844414-AC7F-DA9A-A4AB-130FEEF979A2}.Release|Any CPU.ActiveCfg = Release|Any CPU
		{5B844414-AC7F-DA9A-A4AB-130FEEF979A2}.Release|Any CPU.Build.0 = Release|Any CPU
	EndGlobalSection
	GlobalSection(SolutionProperties) = preSolution
		HideSolutionNode = FALSE
	EndGlobalSection
EndGlobal
