
Microsoft Visual Studio Solution File, Format Version 11.00
# Visual Studio 2010
Project("{FAE04EC0-301F-11D3-BF4B-00C04F79EFBC}") = "Assembly-CSharp", "Assembly-CSharp.csproj", "{7862E697-14B0-B00B-5AA4-A4F2FA5A3105}"
EndProject
Project("{FAE04EC0-301F-11D3-BF4B-00C04F79EFBC}") = "Assembly-CSharp-Editor", "Assembly-CSharp-Editor.csproj", "{CADE9C51-54C1-DDF8-14BB-BED56BAA14C1}"
EndProject
Global
	GlobalSection(SolutionConfigurationPlatforms) = preSolution
		Debug|Any CPU = Debug|Any CPU
		Release|Any CPU = Release|Any CPU
	EndGlobalSection
	GlobalSection(ProjectConfigurationPlatforms) = postSolution
		{7862E697-14B0-B00B-5AA4-A4F2FA5A3105}.Debug|Any CPU.ActiveCfg = Debug|Any CPU
		{7862E697-14B0-B00B-5AA4-A4F2FA5A3105}.Debug|Any CPU.Build.0 = Debug|Any CPU
		{7862E697-14B0-B00B-5AA4-A4F2FA5A3105}.Release|Any CPU.ActiveCfg = Release|Any CPU
		{7862E697-14B0-B00B-5AA4-A4F2FA5A3105}.Release|Any CPU.Build.0 = Release|Any CPU
		{CADE9C51-54C1-DDF8-14BB-BED56BAA14C1}.Debug|Any CPU.ActiveCfg = Debug|Any CPU
		{CADE9C51-54C1-DDF8-14BB-BED56BAA14C1}.Debug|Any CPU.Build.0 = Debug|Any CPU
		{CADE9C51-54C1-DDF8-14BB-BED56BAA14C1}.Release|Any CPU.ActiveCfg = Release|Any CPU
		{CADE9C51-54C1-DDF8-14BB-BED56BAA14C1}.Release|Any CPU.Build.0 = Release|Any CPU
	EndGlobalSection
	GlobalSection(SolutionProperties) = preSolution
		HideSolutionNode = FALSE
	EndGlobalSection
	GlobalSection(MonoDevelopProperties) = preSolution
		StartupItem = Assembly-CSharp.csproj
	EndGlobalSection
EndGlobal
